// !$*UTF8*$!
{
	archiveVersion = 1;
	classes = {
	};
	objectVersion = 55;
	objects = {

/* Begin PBXBuildFile section */
		7C274B552933AFB400ACFFE9 /* AppDelegate.swift in Sources */ = {isa = PBXBuildFile; fileRef = 7C274B542933AFB400ACFFE9 /* AppDelegate.swift */; };
		7C274B572933AFB400ACFFE9 /* SceneDelegate.swift in Sources */ = {isa = PBXBuildFile; fileRef = 7C274B562933AFB400ACFFE9 /* SceneDelegate.swift */; };
		7C274B592933AFB400ACFFE9 /* ViewController.swift in Sources */ = {isa = PBXBuildFile; fileRef = 7C274B582933AFB400ACFFE9 /* ViewController.swift */; };
		7C274B5C2933AFB400ACFFE9 /* Main.storyboard in Resources */ = {isa = PBXBuildFile; fileRef = 7C274B5A2933AFB400ACFFE9 /* Main.storyboard */; };
		7C274B5F2933AFB400ACFFE9 /* Yummie.xcdatamodeld in Sources */ = {isa = PBXBuildFile; fileRef = 7C274B5D2933AFB400ACFFE9 /* Yummie.xcdatamodeld */; };
		7C274B612933AFB600ACFFE9 /* Assets.xcassets in Resources */ = {isa = PBXBuildFile; fileRef = 7C274B602933AFB600ACFFE9 /* Assets.xcassets */; };
		7C274B642933AFB600ACFFE9 /* LaunchScreen.storyboard in Resources */ = {isa = PBXBuildFile; fileRef = 7C274B622933AFB600ACFFE9 /* LaunchScreen.storyboard */; };
		7C274B6F2933AFB600ACFFE9 /* YummieTests.swift in Sources */ = {isa = PBXBuildFile; fileRef = 7C274B6E2933AFB600ACFFE9 /* YummieTests.swift */; };
		7C274B792933AFB600ACFFE9 /* YummieUITests.swift in Sources */ = {isa = PBXBuildFile; fileRef = 7C274B782933AFB600ACFFE9 /* YummieUITests.swift */; };
		7C274B7B2933AFB600ACFFE9 /* YummieUITestsLaunchTests.swift in Sources */ = {isa = PBXBuildFile; fileRef = 7C274B7A2933AFB600ACFFE9 /* YummieUITestsLaunchTests.swift */; };
/* End PBXBuildFile section */

/* Begin PBXContainerItemProxy section */
		7C274B6B2933AFB600ACFFE9 /* PBXContainerItemProxy */ = {
			isa = PBXContainerItemProxy;
			containerPortal = 7C274B492933AFB400ACFFE9 /* Project object */;
			proxyType = 1;
			remoteGlobalIDString = 7C274B502933AFB400ACFFE9;
			remoteInfo = Yummie;
		};
		7C274B752933AFB600ACFFE9 /* PBXContainerItemProxy */ = {
			isa = PBXContainerItemProxy;
			containerPortal = 7C274B492933AFB400ACFFE9 /* Project object */;
			proxyType = 1;
			remoteGlobalIDString = 7C274B502933AFB400ACFFE9;
			remoteInfo = Yummie;
		};
/* End PBXContainerItemProxy section */

/* Begin PBXFileReference section */
		7C274B512933AFB400ACFFE9 /* Yummie.app */ = {isa = PBXFileReference; explicitFileType = wrapper.application; includeInIndex = 0; path = Yummie.app; sourceTree = BUILT_PRODUCTS_DIR; };
		7C274B542933AFB400ACFFE9 /* AppDelegate.swift */ = {isa = PBXFileReference; lastKnownFileType = sourcecode.swift; path = AppDelegate.swift; sourceTree = "<group>"; };
		7C274B562933AFB400ACFFE9 /* SceneDelegate.swift */ = {isa = PBXFileReference; lastKnownFileType = sourcecode.swift; path = SceneDelegate.swift; sourceTree = "<group>"; };
		7C274B582933AFB400ACFFE9 /* ViewController.swift */ = {isa = PBXFileReference; lastKnownFileType = sourcecode.swift; path = ViewController.swift; sourceTree = "<group>"; };
		7C274B5B2933AFB400ACFFE9 /* Base */ = {isa = PBXFileReference; lastKnownFileType = file.storyboard; name = Base; path = Base.lproj/Main.storyboard; sourceTree = "<group>"; };
		7C274B5E2933AFB400ACFFE9 /* Yummie.xcdatamodel */ = {isa = PBXFileReference; lastKnownFileType = wrapper.xcdatamodel; path = Yummie.xcdatamodel; sourceTree = "<group>"; };
		7C274B602933AFB600ACFFE9 /* Assets.xcassets */ = {isa = PBXFileReference; lastKnownFileType = folder.assetcatalog; path = Assets.xcassets; sourceTree = "<group>"; };
		7C274B632933AFB600ACFFE9 /* Base */ = {isa = PBXFileReference; lastKnownFileType = file.storyboard; name = Base; path = Base.lproj/LaunchScreen.storyboard; sourceTree = "<group>"; };
		7C274B652933AFB600ACFFE9 /* Info.plist */ = {isa = PBXFileReference; lastKnownFileType = text.plist.xml; path = Info.plist; sourceTree = "<group>"; };
		7C274B6A2933AFB600ACFFE9 /* YummieTests.xctest */ = {isa = PBXFileReference; explicitFileType = wrapper.cfbundle; includeInIndex = 0; path = YummieTests.xctest; sourceTree = BUILT_PRODUCTS_DIR; };
		7C274B6E2933AFB600ACFFE9 /* YummieTests.swift */ = {isa = PBXFileReference; lastKnownFileType = sourcecode.swift; path = YummieTests.swift; sourceTree = "<group>"; };
		7C274B742933AFB600ACFFE9 /* YummieUITests.xctest */ = {isa = PBXFileReference; explicitFileType = wrapper.cfbundle; includeInIndex = 0; path = YummieUITests.xctest; sourceTree = BUILT_PRODUCTS_DIR; };
		7C274B782933AFB600ACFFE9 /* YummieUITests.swift */ = {isa = PBXFileReference; lastKnownFileType = sourcecode.swift; path = YummieUITests.swift; sourceTree = "<group>"; };
		7C274B7A2933AFB600ACFFE9 /* YummieUITestsLaunchTests.swift */ = {isa = PBXFileReference; lastKnownFileType = sourcecode.swift; path = YummieUITestsLaunchTests.swift; sourceTree = "<group>"; };
/* End PBXFileReference section */

/* Begin PBXFrameworksBuildPhase section */
		7C274B4E2933AFB400ACFFE9 /* Frameworks */ = {
			isa = PBXFrameworksBuildPhase;
			buildActionMask = 2147483647;
			files = (
			);
			runOnlyForDeploymentPostprocessing = 0;
		};
		7C274B672933AFB600ACFFE9 /* Frameworks */ = {
			isa = PBXFrameworksBuildPhase;
			buildActionMask = 2147483647;
			files = (
			);
			runOnlyForDeploymentPostprocessing = 0;
		};
		7C274B712933AFB600ACFFE9 /* Frameworks */ = {
			isa = PBXFrameworksBuildPhase;
			buildActionMask = 2147483647;
			files = (
			);
			runOnlyForDeploymentPostprocessing = 0;
		};
/* End PBXFrameworksBuildPhase section */

/* Begin PBXGroup section */
		7C274B482933AFB400ACFFE9 = {
			isa = PBXGroup;
			children = (
				7C274B532933AFB400ACFFE9 /* Yummie */,
				7C274B6D2933AFB600ACFFE9 /* YummieTests */,
				7C274B772933AFB600ACFFE9 /* YummieUITests */,
				7C274B522933AFB400ACFFE9 /* Products */,
			);
			sourceTree = "<group>";
		};
		7C274B522933AFB400ACFFE9 /* Products */ = {
			isa = PBXGroup;
			children = (
				7C274B512933AFB400ACFFE9 /* Yummie.app */,
				7C274B6A2933AFB600ACFFE9 /* YummieTests.xctest */,
				7C274B742933AFB600ACFFE9 /* YummieUITests.xctest */,
			);
			name = Products;
			sourceTree = "<group>";
		};
		7C274B532933AFB400ACFFE9 /* Yummie */ = {
			isa = PBXGroup;
			children = (
				7C274B542933AFB400ACFFE9 /* AppDelegate.swift */,
				7C274B562933AFB400ACFFE9 /* SceneDelegate.swift */,
				7C274B582933AFB400ACFFE9 /* ViewController.swift */,
				7C274B5A2933AFB400ACFFE9 /* Main.storyboard */,
				7C274B602933AFB600ACFFE9 /* Assets.xcassets */,
				7C274B622933AFB600ACFFE9 /* LaunchScreen.storyboard */,
				7C274B652933AFB600ACFFE9 /* Info.plist */,
				7C274B5D2933AFB400ACFFE9 /* Yummie.xcdatamodeld */,
			);
			path = Yummie;
			sourceTree = "<group>";
		};
		7C274B6D2933AFB600ACFFE9 /* YummieTests */ = {
			isa = PBXGroup;
			children = (
				7C274B6E2933AFB600ACFFE9 /* YummieTests.swift */,
			);
			path = YummieTests;
			sourceTree = "<group>";
		};
		7C274B772933AFB600ACFFE9 /* YummieUITests */ = {
			isa = PBXGroup;
			children = (
				7C274B782933AFB600ACFFE9 /* YummieUITests.swift */,
				7C274B7A2933AFB600ACFFE9 /* YummieUITestsLaunchTests.swift */,
			);
			path = YummieUITests;
			sourceTree = "<group>";
		};
/* End PBXGroup section */

/* Begin PBXNativeTarget section */
		7C274B502933AFB400ACFFE9 /* Yummie */ = {
			isa = PBXNativeTarget;
			buildConfigurationList = 7C274B7E2933AFB600ACFFE9 /* Build configuration list for PBXNativeTarget "Yummie" */;
			buildPhases = (
				7C274B4D2933AFB400ACFFE9 /* Sources */,
				7C274B4E2933AFB400ACFFE9 /* Frameworks */,
				7C274B4F2933AFB400ACFFE9 /* Resources */,
			);
			buildRules = (
			);
			dependencies = (
			);
			name = Yummie;
			productName = Yummie;
			productReference = 7C274B512933AFB400ACFFE9 /* Yummie.app */;
			productType = "com.apple.product-type.application";
		};
		7C274B692933AFB600ACFFE9 /* YummieTests */ = {
			isa = PBXNativeTarget;
			buildConfigurationList = 7C274B812933AFB600ACFFE9 /* Build configuration list for PBXNativeTarget "YummieTests" */;
			buildPhases = (
				7C274B662933AFB600ACFFE9 /* Sources */,
				7C274B672933AFB600ACFFE9 /* Frameworks */,
				7C274B682933AFB600ACFFE9 /* Resources */,
			);
			buildRules = (
			);
			dependencies = (
				7C274B6C2933AFB600ACFFE9 /* PBXTargetDependency */,
			);
			name = YummieTests;
			productName = YummieTests;
			productReference = 7C274B6A2933AFB600ACFFE9 /* YummieTests.xctest */;
			productType = "com.apple.product-type.bundle.unit-test";
		};
		7C274B732933AFB600ACFFE9 /* YummieUITests */ = {
			isa = PBXNativeTarget;
			buildConfigurationList = 7C274B842933AFB600ACFFE9 /* Build configuration list for PBXNativeTarget "YummieUITests" */;
			buildPhases = (
				7C274B702933AFB600ACFFE9 /* Sources */,
				7C274B712933AFB600ACFFE9 /* Frameworks */,
				7C274B722933AFB600ACFFE9 /* Resources */,
			);
			buildRules = (
			);
			dependencies = (
				7C274B762933AFB600ACFFE9 /* PBXTargetDependency */,
			);
			name = YummieUITests;
			productName = YummieUITests;
			productReference = 7C274B742933AFB600ACFFE9 /* YummieUITests.xctest */;
			productType = "com.apple.product-type.bundle.ui-testing";
		};
/* End PBXNativeTarget section */

/* Begin PBXProject section */
		7C274B492933AFB400ACFFE9 /* Project object */ = {
			isa = PBXProject;
			attributes = {
				BuildIndependentTargetsInParallel = 1;
				LastSwiftUpdateCheck = 1300;
				LastUpgradeCheck = 1300;
				TargetAttributes = {
					7C274B502933AFB400ACFFE9 = {
						CreatedOnToolsVersion = 13.0;
					};
					7C274B692933AFB600ACFFE9 = {
						CreatedOnToolsVersion = 13.0;
						TestTargetID = 7C274B502933AFB400ACFFE9;
					};
					7C274B732933AFB600ACFFE9 = {
						CreatedOnToolsVersion = 13.0;
						TestTargetID = 7C274B502933AFB400ACFFE9;
					};
				};
			};
			buildConfigurationList = 7C274B4C2933AFB400ACFFE9 /* Build configuration list for PBXProject "Yummie" */;
			compatibilityVersion = "Xcode 13.0";
			developmentRegion = en;
			hasScannedForEncodings = 0;
			knownRegions = (
				en,
				Base,
			);
			mainGroup = 7C274B482933AFB400ACFFE9;
			productRefGroup = 7C274B522933AFB400ACFFE9 /* Products */;
			projectDirPath = "";
			projectRoot = "";
			targets = (
				7C274B502933AFB400ACFFE9 /* Yummie */,
				7C274B692933AFB600ACFFE9 /* YummieTests */,
				7C274B732933AFB600ACFFE9 /* YummieUITests */,
			);
		};
/* End PBXProject section */

/* Begin PBXResourcesBuildPhase section */
		7C274B4F2933AFB400ACFFE9 /* Resources */ = {
			isa = PBXResourcesBuildPhase;
			buildActionMask = 2147483647;
			files = (
				7C274B642933AFB600ACFFE9 /* LaunchScreen.storyboard in Resources */,
				7C274B612933AFB600ACFFE9 /* Assets.xcassets in Resources */,
				7C274B5C2933AFB400ACFFE9 /* Main.storyboard in Resources */,
			);
			runOnlyForDeploymentPostprocessing = 0;
		};
		7C274B682933AFB600ACFFE9 /* Resources */ = {
			isa = PBXResourcesBuildPhase;
			buildActionMask = 2147483647;
			files = (
			);
			runOnlyForDeploymentPostprocessing = 0;
		};
		7C274B722933AFB600ACFFE9 /* Resources */ = {
			isa = PBXResourcesBuildPhase;
			buildActionMask = 2147483647;
			files = (
			);
			runOnlyForDeploymentPostprocessing = 0;
		};
/* End PBXResourcesBuildPhase section */

/* Begin PBXSourcesBuildPhase section */
		7C274B4D2933AFB400ACFFE9 /* Sources */ = {
			isa = PBXSourcesBuildPhase;
			buildActionMask = 2147483647;
			files = (
				7C274B592933AFB400ACFFE9 /* ViewController.swift in Sources */,
				7C274B5F2933AFB400ACFFE9 /* Yummie.xcdatamodeld in Sources */,
				7C274B552933AFB400ACFFE9 /* AppDelegate.swift in Sources */,
				7C274B572933AFB400ACFFE9 /* SceneDelegate.swift in Sources */,
			);
			runOnlyForDeploymentPostprocessing = 0;
		};
		7C274B662933AFB600ACFFE9 /* Sources */ = {
			isa = PBXSourcesBuildPhase;
			buildActionMask = 2147483647;
			files = (
				7C274B6F2933AFB600ACFFE9 /* YummieTests.swift in Sources */,
			);
			runOnlyForDeploymentPostprocessing = 0;
		};
		7C274B702933AFB600ACFFE9 /* Sources */ = {
			isa = PBXSourcesBuildPhase;
			buildActionMask = 2147483647;
			files = (
				7C274B7B2933AFB600ACFFE9 /* YummieUITestsLaunchTests.swift in Sources */,
				7C274B792933AFB600ACFFE9 /* YummieUITests.swift in Sources */,
			);
			runOnlyForDeploymentPostprocessing = 0;
		};
/* End PBXSourcesBuildPhase section */

/* Begin PBXTargetDependency section */
		7C274B6C2933AFB600ACFFE9 /* PBXTargetDependency */ = {
			isa = PBXTargetDependency;
			target = 7C274B502933AFB400ACFFE9 /* Yummie */;
			targetProxy = 7C274B6B2933AFB600ACFFE9 /* PBXContainerItemProxy */;
		};
		7C274B762933AFB600ACFFE9 /* PBXTargetDependency */ = {
			isa = PBXTargetDependency;
			target = 7C274B502933AFB400ACFFE9 /* Yummie */;
			targetProxy = 7C274B752933AFB600ACFFE9 /* PBXContainerItemProxy */;
		};
/* End PBXTargetDependency section */

/* Begin PBXVariantGroup section */
		7C274B5A2933AFB400ACFFE9 /* Main.storyboard */ = {
			isa = PBXVariantGroup;
			children = (
				7C274B5B2933AFB400ACFFE9 /* Base */,
			);
			name = Main.storyboard;
			sourceTree = "<group>";
		};
		7C274B622933AFB600ACFFE9 /* LaunchScreen.storyboard */ = {
			isa = PBXVariantGroup;
			children = (
				7C274B632933AFB600ACFFE9 /* Base */,
			);
			name = LaunchScreen.storyboard;
			sourceTree = "<group>";
		};
/* End PBXVariantGroup section */

/* Begin XCBuildConfiguration section */
		7C274B7C2933AFB600ACFFE9 /* Debug */ = {
			isa = XCBuildConfiguration;
			buildSettings = {
				ALWAYS_SEARCH_USER_PATHS = NO;
				CLANG_ANALYZER_NONNULL = YES;
				CLANG_ANALYZER_NUMBER_OBJECT_CONVERSION = YES_AGGRESSIVE;
				CLANG_CXX_LANGUAGE_STANDARD = "gnu++17";
				CLANG_CXX_LIBRARY = "libc++";
				CLANG_ENABLE_MODULES = YES;
				CLANG_ENABLE_OBJC_ARC = YES;
				CLANG_ENABLE_OBJC_WEAK = YES;
				CLANG_WARN_BLOCK_CAPTURE_AUTORELEASING = YES;
				CLANG_WARN_BOOL_CONVERSION = YES;
				CLANG_WARN_COMMA = YES;
				CLANG_WARN_CONSTANT_CONVERSION = YES;
				CLANG_WARN_DEPRECATED_OBJC_IMPLEMENTATIONS = YES;
				CLANG_WARN_DIRECT_OBJC_ISA_USAGE = YES_ERROR;
				CLANG_WARN_DOCUMENTATION_COMMENTS = YES;
				CLANG_WARN_EMPTY_BODY = YES;
				CLANG_WARN_ENUM_CONVERSION = YES;
				CLANG_WARN_INFINITE_RECURSION = YES;
				CLANG_WARN_INT_CONVERSION = YES;
				CLANG_WARN_NON_LITERAL_NULL_CONVERSION = YES;
				CLANG_WARN_OBJC_IMPLICIT_RETAIN_SELF = YES;
				CLANG_WARN_OBJC_LITERAL_CONVERSION = YES;
				CLANG_WARN_OBJC_ROOT_CLASS = YES_ERROR;
				CLANG_WARN_QUOTED_INCLUDE_IN_FRAMEWORK_HEADER = YES;
				CLANG_WARN_RANGE_LOOP_ANALYSIS = YES;
				CLANG_WARN_STRICT_PROTOTYPES = YES;
				CLANG_WARN_SUSPICIOUS_MOVE = YES;
				CLANG_WARN_UNGUARDED_AVAILABILITY = YES_AGGRESSIVE;
				CLANG_WARN_UNREACHABLE_CODE = YES;
				CLANG_WARN__DUPLICATE_METHOD_MATCH = YES;
				COPY_PHASE_STRIP = NO;
				DEBUG_INFORMATION_FORMAT = dwarf;
				ENABLE_STRICT_OBJC_MSGSEND = YES;
				ENABLE_TESTABILITY = YES;
				GCC_C_LANGUAGE_STANDARD = gnu11;
				GCC_DYNAMIC_NO_PIC = NO;
				GCC_NO_COMMON_BLOCKS = YES;
				GCC_OPTIMIZATION_LEVEL = 0;
				GCC_PREPROCESSOR_DEFINITIONS = (
					"DEBUG=1",
					"$(inherited)",
				);
				GCC_WARN_64_TO_32_BIT_CONVERSION = YES;
				GCC_WARN_ABOUT_RETURN_TYPE = YES_ERROR;
				GCC_WARN_UNDECLARED_SELECTOR = YES;
				GCC_WARN_UNINITIALIZED_AUTOS = YES_AGGRESSIVE;
				GCC_WARN_UNUSED_FUNCTION = YES;
				GCC_WARN_UNUSED_VARIABLE = YES;
				IPHONEOS_DEPLOYMENT_TARGET = 15.0;
				MTL_ENABLE_DEBUG_INFO = INCLUDE_SOURCE;
				MTL_FAST_MATH = YES;
				ONLY_ACTIVE_ARCH = YES;
				SDKROOT = iphoneos;
				SWIFT_ACTIVE_COMPILATION_CONDITIONS = DEBUG;
				SWIFT_OPTIMIZATION_LEVEL = "-Onone";
			};
			name = Debug;
		};
		7C274B7D2933AFB600ACFFE9 /* Release */ = {
			isa = XCBuildConfiguration;
			buildSettings = {
				ALWAYS_SEARCH_USER_PATHS = NO;
				CLANG_ANALYZER_NONNULL = YES;
				CLANG_ANALYZER_NUMBER_OBJECT_CONVERSION = YES_AGGRESSIVE;
				CLANG_CXX_LANGUAGE_STANDARD = "gnu++17";
				CLANG_CXX_LIBRARY = "libc++";
				CLANG_ENABLE_MODULES = YES;
				CLANG_ENABLE_OBJC_ARC = YES;
				CLANG_ENABLE_OBJC_WEAK = YES;
				CLANG_WARN_BLOCK_CAPTURE_AUTORELEASING = YES;
				CLANG_WARN_BOOL_CONVERSION = YES;
				CLANG_WARN_COMMA = YES;
				CLANG_WARN_CONSTANT_CONVERSION = YES;
				CLANG_WARN_DEPRECATED_OBJC_IMPLEMENTATIONS = YES;
				CLANG_WARN_DIRECT_OBJC_ISA_USAGE = YES_ERROR;
				CLANG_WARN_DOCUMENTATION_COMMENTS = YES;
				CLANG_WARN_EMPTY_BODY = YES;
				CLANG_WARN_ENUM_CONVERSION = YES;
				CLANG_WARN_INFINITE_RECURSION = YES;
				CLANG_WARN_INT_CONVERSION = YES;
				CLANG_WARN_NON_LITERAL_NULL_CONVERSION = YES;
				CLANG_WARN_OBJC_IMPLICIT_RETAIN_SELF = YES;
				CLANG_WARN_OBJC_LITERAL_CONVERSION = YES;
				CLANG_WARN_OBJC_ROOT_CLASS = YES_ERROR;
				CLANG_WARN_QUOTED_INCLUDE_IN_FRAMEWORK_HEADER = YES;
				CLANG_WARN_RANGE_LOOP_ANALYSIS = YES;
				CLANG_WARN_STRICT_PROTOTYPES = YES;
				CLANG_WARN_SUSPICIOUS_MOVE = YES;
				CLANG_WARN_UNGUARDED_AVAILABILITY = YES_AGGRESSIVE;
				CLANG_WARN_UNREACHABLE_CODE = YES;
				CLANG_WARN__DUPLICATE_METHOD_MATCH = YES;
				COPY_PHASE_STRIP = NO;
				DEBUG_INFORMATION_FORMAT = "dwarf-with-dsym";
				ENABLE_NS_ASSERTIONS = NO;
				ENABLE_STRICT_OBJC_MSGSEND = YES;
				GCC_C_LANGUAGE_STANDARD = gnu11;
				GCC_NO_COMMON_BLOCKS = YES;
				GCC_WARN_64_TO_32_BIT_CONVERSION = YES;
				GCC_WARN_ABOUT_RETURN_TYPE = YES_ERROR;
				GCC_WARN_UNDECLARED_SELECTOR = YES;
				GCC_WARN_UNINITIALIZED_AUTOS = YES_AGGRESSIVE;
				GCC_WARN_UNUSED_FUNCTION = YES;
				GCC_WARN_UNUSED_VARIABLE = YES;
				IPHONEOS_DEPLOYMENT_TARGET = 15.0;
				MTL_ENABLE_DEBUG_INFO = NO;
				MTL_FAST_MATH = YES;
				SDKROOT = iphoneos;
				SWIFT_COMPILATION_MODE = wholemodule;
				SWIFT_OPTIMIZATION_LEVEL = "-O";
				VALIDATE_PRODUCT = YES;
			};
			name = Release;
		};
		7C274B7F2933AFB600ACFFE9 /* Debug */ = {
			isa = XCBuildConfiguration;
			buildSettings = {
				ASSETCATALOG_COMPILER_APPICON_NAME = AppIcon;
				ASSETCATALOG_COMPILER_GLOBAL_ACCENT_COLOR_NAME = AccentColor;
				CODE_SIGN_STYLE = Automatic;
				CURRENT_PROJECT_VERSION = 1;
				DEVELOPMENT_TEAM = 2S37P6DDGN;
				GENERATE_INFOPLIST_FILE = YES;
				INFOPLIST_FILE = Yummie/Info.plist;
				INFOPLIST_KEY_UIApplicationSupportsIndirectInputEvents = YES;
				INFOPLIST_KEY_UILaunchStoryboardName = LaunchScreen;
				INFOPLIST_KEY_UIMainStoryboardFile = Main;
				INFOPLIST_KEY_UISupportedInterfaceOrientations = "UIInterfaceOrientationPortrait UIInterfaceOrientationLandscapeLeft UIInterfaceOrientationLandscapeRight";
				INFOPLIST_KEY_UISupportedInterfaceOrientations_iPad = "UIInterfaceOrientationPortrait UIInterfaceOrientationPortraitUpsideDown UIInterfaceOrientationLandscapeLeft UIInterfaceOrientationLandscapeRight";
				INFOPLIST_KEY_UISupportedInterfaceOrientations_iPhone = "UIInterfaceOrientationPortrait UIInterfaceOrientationLandscapeLeft UIInterfaceOrientationLandscapeRight";
				IPHONEOS_DEPLOYMENT_TARGET = 15.0;
				LD_RUNPATH_SEARCH_PATHS = (
					"$(inherited)",
					"@executable_path/Frameworks",
				);
				MARKETING_VERSION = 1.0;
				PRODUCT_BUNDLE_IDENTIFIER = com.pratik.Yummie;
				PRODUCT_NAME = "$(TARGET_NAME)";
				SWIFT_EMIT_LOC_STRINGS = YES;
				SWIFT_VERSION = 5.0;
				TARGETED_DEVICE_FAMILY = 1;
			};
			name = Debug;
		};
		7C274B802933AFB600ACFFE9 /* Release */ = {
			isa = XCBuildConfiguration;
			buildSettings = {
				ASSETCATALOG_COMPILER_APPICON_NAME = AppIcon;
				ASSETCATALOG_COMPILER_GLOBAL_ACCENT_COLOR_NAME = AccentColor;
				CODE_SIGN_STYLE = Automatic;
				CURRENT_PROJECT_VERSION = 1;
				DEVELOPMENT_TEAM = 2S37P6DDGN;
				GENERATE_INFOPLIST_FILE = YES;
				INFOPLIST_FILE = Yummie/Info.plist;
				INFOPLIST_KEY_UIApplicationSupportsIndirectInputEvents = YES;
				INFOPLIST_KEY_UILaunchStoryboardName = LaunchScreen;
				INFOPLIST_KEY_UIMainStoryboardFile = Main;
				INFOPLIST_KEY_UISupportedInterfaceOrientations = "UIInterfaceOrientationPortrait UIInterfaceOrientationLandscapeLeft UIInterfaceOrientationLandscapeRight";
				INFOPLIST_KEY_UISupportedInterfaceOrientations_iPad = "UIInterfaceOrientationPortrait UIInterfaceOrientationPortraitUpsideDown UIInterfaceOrientationLandscapeLeft UIInterfaceOrientationLandscapeRight";
				INFOPLIST_KEY_UISupportedInterfaceOrientations_iPhone = "UIInterfaceOrientationPortrait UIInterfaceOrientationLandscapeLeft UIInterfaceOrientationLandscapeRight";
				IPHONEOS_DEPLOYMENT_TARGET = 15.0;
				LD_RUNPATH_SEARCH_PATHS = (
					"$(inherited)",
					"@executable_path/Frameworks",
				);
				MARKETING_VERSION = 1.0;
				PRODUCT_BUNDLE_IDENTIFIER = com.pratik.Yummie;
				PRODUCT_NAME = "$(TARGET_NAME)";
				SWIFT_EMIT_LOC_STRINGS = YES;
				SWIFT_VERSION = 5.0;
				TARGETED_DEVICE_FAMILY = 1;
			};
			name = Release;
		};
		7C274B822933AFB600ACFFE9 /* Debug */ = {
			isa = XCBuildConfiguration;
			buildSettings = {
				ALWAYS_EMBED_SWIFT_STANDARD_LIBRARIES = YES;
				BUNDLE_LOADER = "$(TEST_HOST)";
				CODE_SIGN_STYLE = Automatic;
				CURRENT_PROJECT_VERSION = 1;
				DEVELOPMENT_TEAM = 2S37P6DDGN;
				GENERATE_INFOPLIST_FILE = YES;
				IPHONEOS_DEPLOYMENT_TARGET = 15.0;
				LD_RUNPATH_SEARCH_PATHS = (
					"$(inherited)",
					"@executable_path/Frameworks",
					"@loader_path/Frameworks",
				);
				MARKETING_VERSION = 1.0;
				PRODUCT_BUNDLE_IDENTIFIER = com.pratik.YummieTests;
				PRODUCT_NAME = "$(TARGET_NAME)";
				SWIFT_EMIT_LOC_STRINGS = NO;
				SWIFT_VERSION = 5.0;
				TARGETED_DEVICE_FAMILY = "1,2";
				TEST_HOST = "$(BUILT_PRODUCTS_DIR)/Yummie.app/Yummie";
			};
			name = Debug;
		};
		7C274B832933AFB600ACFFE9 /* Release */ = {
			isa = XCBuildConfiguration;
			buildSettings = {
				ALWAYS_EMBED_SWIFT_STANDARD_LIBRARIES = YES;
				BUNDLE_LOADER = "$(TEST_HOST)";
				CODE_SIGN_STYLE = Automatic;
				CURRENT_PROJECT_VERSION = 1;
				DEVELOPMENT_TEAM = 2S37P6DDGN;
				GENERATE_INFOPLIST_FILE = YES;
				IPHONEOS_DEPLOYMENT_TARGET = 15.0;
				LD_RUNPATH_SEARCH_PATHS = (
					"$(inherited)",
					"@executable_path/Frameworks",
					"@loader_path/Frameworks",
				);
				MARKETING_VERSION = 1.0;
				PRODUCT_BUNDLE_IDENTIFIER = com.pratik.YummieTests;
				PRODUCT_NAME = "$(TARGET_NAME)";
				SWIFT_EMIT_LOC_STRINGS = NO;
				SWIFT_VERSION = 5.0;
				TARGETED_DEVICE_FAMILY = "1,2";
				TEST_HOST = "$(BUILT_PRODUCTS_DIR)/Yummie.app/Yummie";
			};
			name = Release;
		};
		7C274B852933AFB600ACFFE9 /* Debug */ = {
			isa = XCBuildConfiguration;
			buildSettings = {
				ALWAYS_EMBED_SWIFT_STANDARD_LIBRARIES = YES;
				CODE_SIGN_STYLE = Automatic;
				CURRENT_PROJECT_VERSION = 1;
				DEVELOPMENT_TEAM = 2S37P6DDGN;
				GENERATE_INFOPLIST_FILE = YES;
				LD_RUNPATH_SEARCH_PATHS = (
					"$(inherited)",
					"@executable_path/Frameworks",
					"@loader_path/Frameworks",
				);
				MARKETING_VERSION = 1.0;
				PRODUCT_BUNDLE_IDENTIFIER = com.pratik.YummieUITests;
				PRODUCT_NAME = "$(TARGET_NAME)";
				SWIFT_EMIT_LOC_STRINGS = NO;
				SWIFT_VERSION = 5.0;
				TARGETED_DEVICE_FAMILY = "1,2";
				TEST_TARGET_NAME = Yummie;
			};
			name = Debug;
		};
		7C274B862933AFB600ACFFE9 /* Release */ = {
			isa = XCBuildConfiguration;
			buildSettings = {
				ALWAYS_EMBED_SWIFT_STANDARD_LIBRARIES = YES;
				CODE_SIGN_STYLE = Automatic;
				CURRENT_PROJECT_VERSION = 1;
				DEVELOPMENT_TEAM = 2S37P6DDGN;
				GENERATE_INFOPLIST_FILE = YES;
				LD_RUNPATH_SEARCH_PATHS = (
					"$(inherited)",
					"@executable_path/Frameworks",
					"@loader_path/Frameworks",
				);
				MARKETING_VERSION = 1.0;
				PRODUCT_BUNDLE_IDENTIFIER = com.pratik.YummieUITests;
				PRODUCT_NAME = "$(TARGET_NAME)";
				SWIFT_EMIT_LOC_STRINGS = NO;
				SWIFT_VERSION = 5.0;
				TARGETED_DEVICE_FAMILY = "1,2";
				TEST_TARGET_NAME = Yummie;
			};
			name = Release;
		};
/* End XCBuildConfiguration section */

/* Begin XCConfigurationList section */
		7C274B4C2933AFB400ACFFE9 /* Build configuration list for PBXProject "Yummie" */ = {
			isa = XCConfigurationList;
			buildConfigurations = (
				7C274B7C2933AFB600ACFFE9 /* Debug */,
				7C274B7D2933AFB600ACFFE9 /* Release */,
			);
			defaultConfigurationIsVisible = 0;
			defaultConfigurationName = Release;
		};
		7C274B7E2933AFB600ACFFE9 /* Build configuration list for PBXNativeTarget "Yummie" */ = {
			isa = XCConfigurationList;
			buildConfigurations = (
				7C274B7F2933AFB600ACFFE9 /* Debug */,
				7C274B802933AFB600ACFFE9 /* Release */,
			);
			defaultConfigurationIsVisible = 0;
			defaultConfigurationName = Release;
		};
		7C274B812933AFB600ACFFE9 /* Build configuration list for PBXNativeTarget "YummieTests" */ = {
			isa = XCConfigurationList;
			buildConfigurations = (
				7C274B822933AFB600ACFFE9 /* Debug */,
				7C274B832933AFB600ACFFE9 /* Release */,
			);
			defaultConfigurationIsVisible = 0;
			defaultConfigurationName = Release;
		};
		7C274B842933AFB600ACFFE9 /* Build configuration list for PBXNativeTarget "YummieUITests" */ = {
			isa = XCConfigurationList;
			buildConfigurations = (
				7C274B852933AFB600ACFFE9 /* Debug */,
				7C274B862933AFB600ACFFE9 /* Release */,
			);
			defaultConfigurationIsVisible = 0;
			defaultConfigurationName = Release;
		};
/* End XCConfigurationList section */

/* Begin XCVersionGroup section */
		7C274B5D2933AFB400ACFFE9 /* Yummie.xcdatamodeld */ = {
			isa = XCVersionGroup;
			children = (
				7C274B5E2933AFB400ACFFE9 /* Yummie.xcdatamodel */,
			);
			currentVersion = 7C274B5E2933AFB400ACFFE9 /* Yummie.xcdatamodel */;
			path = Yummie.xcdatamodeld;
			sourceTree = "<group>";
			versionGroupType = wrapper.xcdatamodel;
		};
/* End XCVersionGroup section */
	};
	rootObject = 7C274B492933AFB400ACFFE9 /* Project object */;
}
